
Microsoft Visual Studio Solution File, Format Version 12.00
# Visual Studio Version 17
VisualStudioVersion = 17.9.34622.214
MinimumVisualStudioVersion = 10.0.40219.1
Project("{9A19103F-16F7-4668-BE54-9A1E7A4F7556}") = "GUI", "..\GUI\GUI.csproj", "{B5744569-EF63-4B90-9B72-6E379A8C3908}"
EndProject
Project("{9A19103F-16F7-4668-BE54-9A1E7A4F7556}") = "BUS", "..\BUS\BUS.csproj", "{CCE324D3-5C0B-43D2-9760-56AE36B7815B}"
EndProject
Project("{9A19103F-16F7-4668-BE54-9A1E7A4F7556}") = "DAL", "..\DAL\DAL.csproj", "{9CA8DB7A-E553-4DF4-88B0-82B794B1D18D}"
EndProject
Global
	GlobalSection(SolutionConfigurationPlatforms) = preSolution
		Debug|Any CPU = Debug|Any CPU
		Release|Any CPU = Release|Any CPU
	EndGlobalSection
	GlobalSection(ProjectConfigurationPlatforms) = postSolution
		{B5744569-EF63-4B90-9B72-6E379A8C3908}.Debug|Any CPU.ActiveCfg = Debug|Any CPU
		{B5744569-EF63-4B90-9B72-6E379A8C3908}.Debug|Any CPU.Build.0 = Debug|Any CPU
		{B5744569-EF63-4B90-9B72-6E379A8C3908}.Release|Any CPU.ActiveCfg = Release|Any CPU
		{B5744569-EF63-4B90-9B72-6E379A8C3908}.Release|Any CPU.Build.0 = Release|Any CPU
		{CCE324D3-5C0B-43D2-9760-56AE36B7815B}.Debug|Any CPU.ActiveCfg = Debug|Any CPU
		{CCE324D3-5C0B-43D2-9760-56AE36B7815B}.Debug|Any CPU.Build.0 = Debug|Any CPU
		{CCE324D3-5C0B-43D2-9760-56AE36B7815B}.Release|Any CPU.ActiveCfg = Release|Any CPU
		{CCE324D3-5C0B-43D2-9760-56AE36B7815B}.Release|Any CPU.Build.0 = Release|Any CPU
		{9CA8DB7A-E553-4DF4-88B0-82B794B1D18D}.Debug|Any CPU.ActiveCfg = Debug|Any CPU
		{9CA8DB7A-E553-4DF4-88B0-82B794B1D18D}.Debug|Any CPU.Build.0 = Debug|Any CPU
		{9CA8DB7A-E553-4DF4-88B0-82B794B1D18D}.Release|Any CPU.ActiveCfg = Release|Any CPU
		{9CA8DB7A-E553-4DF4-88B0-82B794B1D18D}.Release|Any CPU.Build.0 = Release|Any CPU
	EndGlobalSection
	GlobalSection(SolutionProperties) = preSolution
		HideSolutionNode = FALSE
	EndGlobalSection
	GlobalSection(ExtensibilityGlobals) = postSolution
		SolutionGuid = {5627ECFE-B036-4B2A-92DA-99FABF0DA03A}
	EndGlobalSection
EndGlobal
